
Microsoft Visual Studio Solution File, Format Version 12.00
# Visual Studio Version 16
VisualStudioVersion = 16.0.31005.135
MinimumVisualStudioVersion = 10.0.40219.1
Project("{FAE04EC0-301F-11D3-BF4B-00C04F79EFBC}") = "NeuralNetworkPerceptron", "NeuralNetworkPerceptron\NeuralNetworkPerceptron.csproj", "{A6044727-8357-4D50-9489-1D470BF50874}"
EndProject
Global
	GlobalSection(SolutionConfigurationPlatforms) = preSolution
		Debug|Any CPU = Debug|Any CPU
		Release|Any CPU = Release|Any CPU
	EndGlobalSection
	GlobalSection(ProjectConfigurationPlatforms) = postSolution
		{A6044727-8357-4D50-9489-1D470BF50874}.Debug|Any CPU.ActiveCfg = Debug|Any CPU
		{A6044727-8357-4D50-9489-1D470BF50874}.Debug|Any CPU.Build.0 = Debug|Any CPU
		{A6044727-8357-4D50-9489-1D470BF50874}.Release|Any CPU.ActiveCfg = Release|Any CPU
		{A6044727-8357-4D50-9489-1D470BF50874}.Release|Any CPU.Build.0 = Release|Any CPU
	EndGlobalSection
	GlobalSection(SolutionProperties) = preSolution
		HideSolutionNode = FALSE
	EndGlobalSection
	GlobalSection(ExtensibilityGlobals) = postSolution
		SolutionGuid = {11D759D5-3B0D-4704-87F8-43C751584390}
	EndGlobalSection
EndGlobal
